#MicroXplorer Configuration settings - do not modify
ADC2.Channel-0\#ChannelRegularConversion=ADC_CHANNEL_17
ADC2.CommonPathInternal=null|null|null|null
ADC2.IPParameters=Rank-0\#ChannelRegularConversion,Channel-0\#ChannelRegularConversion,SamplingTime-0\#ChannelRegularConversion,OffsetNumber-0\#ChannelRegularConversion,NbrOfConversionFlag,CommonPathInternal
ADC2.NbrOfConversionFlag=1
ADC2.OffsetNumber-0\#ChannelRegularConversion=ADC_OFFSET_NONE
ADC2.Rank-0\#ChannelRegularConversion=1
ADC2.SamplingTime-0\#ChannelRegularConversion=ADC_SAMPLETIME_2CYCLES_5
CAD.formats=
CAD.pinconfig=
CAD.provider=
FDCAN1.CalculateBaudRateNominal=2125000
FDCAN1.CalculateTimeBitNominal=470
FDCAN1.CalculateTimeQuantumNominal=94.11764705882354
FDCAN1.IPParameters=CalculateTimeQuantumNominal,CalculateTimeBitNominal,CalculateBaudRateNominal
File.Version=6
GPIO.groupedBy=Group By Peripherals
KeepUserPlacement=false
Mcu.CPN=STM32G431CBU6
Mcu.Family=STM32G4
Mcu.IP0=ADC2
Mcu.IP1=FDCAN1
Mcu.IP10=TIM4
Mcu.IP11=USART1
Mcu.IP12=USART3
Mcu.IP2=NVIC
Mcu.IP3=OPAMP1
Mcu.IP4=OPAMP2
Mcu.IP5=OPAMP3
Mcu.IP6=RCC
Mcu.IP7=SPI1
Mcu.IP8=SYS
Mcu.IP9=TIM1
Mcu.IPNb=13
Mcu.Name=STM32G431C(6-8-B)Ux
Mcu.Package=UFQFPN48
Mcu.Pin0=PC13
Mcu.Pin1=PF0-OSC_IN
Mcu.Pin10=PB0
Mcu.Pin11=PB1
Mcu.Pin12=PB2
Mcu.Pin13=PB10
Mcu.Pin14=PB11
Mcu.Pin15=PB14
Mcu.Pin16=PA11
Mcu.Pin17=PA12
Mcu.Pin18=PA13
Mcu.Pin19=PA14
Mcu.Pin2=PF1-OSC_OUT
Mcu.Pin20=PC10
Mcu.Pin21=PC11
Mcu.Pin22=PB3
Mcu.Pin23=PB5
Mcu.Pin24=PB6
Mcu.Pin25=PB7
Mcu.Pin26=PB8-BOOT0
Mcu.Pin27=PB9
Mcu.Pin28=VP_OPAMP1_VIN_MUX
Mcu.Pin29=VP_SYS_VS_Systick
Mcu.Pin3=PA1
Mcu.Pin30=VP_SYS_VS_DBSignals
Mcu.Pin31=VP_TIM1_VS_no_output6
Mcu.Pin4=PA3
Mcu.Pin5=PA4
Mcu.Pin6=PA5
Mcu.Pin7=PA6
Mcu.Pin8=PA7
Mcu.Pin9=PC4
Mcu.PinsNb=32
Mcu.ThirdPartyNb=0
Mcu.UserConstants=
Mcu.UserName=STM32G431CBUx
MxCube.Version=6.8.1
MxDb.Version=DB.6.0.81
NVIC.BusFault_IRQn=true\:0\:0\:false\:false\:true\:false\:false\:false
NVIC.DebugMonitor_IRQn=true\:0\:0\:false\:false\:true\:false\:false\:false
NVIC.ForceEnableDMAVector=true
NVIC.HardFault_IRQn=true\:0\:0\:false\:false\:true\:false\:false\:false
NVIC.MemoryManagement_IRQn=true\:0\:0\:false\:false\:true\:false\:false\:false
NVIC.NonMaskableInt_IRQn=true\:0\:0\:false\:false\:true\:false\:false\:false
NVIC.PendSV_IRQn=true\:0\:0\:false\:false\:true\:false\:false\:false
NVIC.PriorityGroup=NVIC_PRIORITYGROUP_4
NVIC.SVCall_IRQn=true\:0\:0\:false\:false\:true\:false\:false\:false
NVIC.SysTick_IRQn=true\:15\:0\:false\:false\:true\:false\:true\:false
NVIC.UsageFault_IRQn=true\:0\:0\:false\:false\:true\:false\:false\:false
PA1.GPIOParameters=GPIO_Label
PA1.GPIO_Label=CAN_H_OPAMP_INPUT
PA1.Locked=true
PA1.Mode=Follower_Internally_Connected
PA1.Signal=OPAMP1_VINP
PA11.Locked=true
PA11.Signal=S_TIM4_CH1
PA12.Signal=S_TIM4_CH2
PA13.Mode=Serial_Wire
PA13.Signal=SYS_JTMS-SWDIO
PA14.Mode=Serial_Wire
PA14.Signal=SYS_JTCK-SWCLK
PA3.GPIOParameters=GPIO_Label
PA3.GPIO_Label=CAN_L_OPAMP_INPUT
PA3.Mode=Switching On Non Inverting Inputs Using Different Pins
PA3.Signal=OPAMP1_VINP_SEC
PA4.GPIOParameters=GPIO_Label
PA4.GPIO_Label=I_SHUNT_AMPLIFIED_SENSE
PA4.Locked=true
PA4.Mode=IN17-Single-Ended
PA4.Signal=ADC2_IN17
PA5.Mode=PGA Connected
PA5.Signal=OPAMP2_VINM0
PA6.Mode=PGA Connected
PA6.Signal=OPAMP2_VOUT
PA7.Mode=PGA Connected
PA7.Signal=OPAMP2_VINP
PB0.Mode=Standalone
PB0.Signal=OPAMP3_VINP
PB1.Mode=Standalone
PB1.Signal=OPAMP3_VOUT
PB10.Mode=Asynchronous
PB10.Signal=USART3_TX
PB11.Mode=Asynchronous
PB11.Signal=USART3_RX
PB14.Mode=Hardware Flow Control (RS485)
PB14.Signal=USART3_DE
PB2.Mode=Standalone
PB2.Signal=OPAMP3_VINM
PB3.Locked=true
PB3.Mode=TX_Only_Simplex_Unidirect_Master
PB3.Signal=SPI1_SCK
PB5.Locked=true
PB5.Mode=TX_Only_Simplex_Unidirect_Master
PB5.Signal=SPI1_MOSI
PB6.Locked=true
PB6.Mode=Asynchronous
PB6.Signal=USART1_TX
PB7.Locked=true
PB7.Mode=Asynchronous
PB7.Signal=USART1_RX
PB8-BOOT0.Locked=true
PB8-BOOT0.Mode=FDCAN_Activate
PB8-BOOT0.Signal=FDCAN1_RX
PB9.Locked=true
PB9.Mode=FDCAN_Activate
PB9.Signal=FDCAN1_TX
PC10.Locked=true
PC10.Signal=GPIO_Output
PC11.GPIOParameters=GPIO_Label
PC11.GPIO_Label=OLED_DC
PC11.Locked=true
PC11.Signal=GPIO_Output
PC13.GPIOParameters=GPIO_Label
PC13.GPIO_Label=CAN_STB
PC13.Locked=true
PC13.Signal=GPIO_Output
PC4.GPIOParameters=GPIO_Label
PC4.GPIO_Label=V_SENSE
PC4.Locked=true
PC4.Mode=IN5-Single-Ended
PC4.Signal=ADC2_IN5
PF0-OSC_IN.Mode=HSE-External-Oscillator
PF0-OSC_IN.Signal=RCC_OSC_IN
PF1-OSC_OUT.Mode=HSE-External-Oscillator
PF1-OSC_OUT.Signal=RCC_OSC_OUT
PinOutPanel.RotationAngle=0
ProjectManager.AskForMigrate=true
ProjectManager.BackupPrevious=false
ProjectManager.CompilerOptimize=6
ProjectManager.ComputerToolchain=false
ProjectManager.CoupleFile=false
ProjectManager.CustomerFirmwarePackage=
ProjectManager.DefaultFWLocation=true
ProjectManager.DeletePrevious=true
ProjectManager.DeviceId=STM32G431CBUx
ProjectManager.FirmwarePackage=STM32Cube FW_G4 V1.5.1
ProjectManager.FreePins=false
ProjectManager.HalAssertFull=false
ProjectManager.HeapSize=0x200
ProjectManager.KeepUserCode=true
ProjectManager.LastFirmware=true
ProjectManager.LibraryCopy=1
ProjectManager.MainLocation=Core/Src
ProjectManager.NoMain=false
ProjectManager.PreviousToolchain=
ProjectManager.ProjectBuild=false
ProjectManager.ProjectFileName=Software.ioc
ProjectManager.ProjectName=Software
ProjectManager.ProjectStructure=
ProjectManager.RegisterCallBack=
ProjectManager.StackSize=0x400
ProjectManager.TargetToolchain=STM32CubeIDE
ProjectManager.ToolChainLocation=
ProjectManager.UAScriptAfterPath=
ProjectManager.UAScriptBeforePath=
ProjectManager.UnderRoot=true
ProjectManager.functionlistsort=1-SystemClock_Config-RCC-false-HAL-false,2-MX_GPIO_Init-GPIO-false-HAL-true,3-MX_FDCAN1_Init-FDCAN1-false-HAL-true,4-MX_OPAMP1_Init-OPAMP1-false-HAL-true,5-MX_OPAMP2_Init-OPAMP2-false-HAL-true,6-MX_SPI1_Init-SPI1-false-HAL-true,7-MX_ADC2_Init-ADC2-false-HAL-true,8-MX_OPAMP3_Init-OPAMP3-false-HAL-true,9-MX_TIM1_Init-TIM1-false-HAL-true,10-MX_TIM4_Init-TIM4-false-HAL-true,11-MX_USART1_UART_Init-USART1-false-HAL-true
RCC.ADC12Freq_Value=170000000
RCC.AHBFreq_Value=170000000
RCC.APB1Freq_Value=170000000
RCC.APB1TimFreq_Value=170000000
RCC.APB2Freq_Value=170000000
RCC.APB2TimFreq_Value=170000000
RCC.CRSFreq_Value=48000000
RCC.CortexFreq_Value=170000000
RCC.EXTERNAL_CLOCK_VALUE=12288000
RCC.FCLKCortexFreq_Value=170000000
RCC.FDCANFreq_Value=170000000
RCC.FamilyName=M
RCC.HCLKFreq_Value=170000000
RCC.HSE_VALUE=25000000
RCC.HSI48_VALUE=48000000
RCC.HSI_VALUE=16000000
RCC.I2C1Freq_Value=170000000
RCC.I2C2Freq_Value=170000000
RCC.I2C3Freq_Value=170000000
RCC.I2SFreq_Value=170000000
RCC.IPParameters=ADC12Freq_Value,AHBFreq_Value,APB1Freq_Value,APB1TimFreq_Value,APB2Freq_Value,APB2TimFreq_Value,CRSFreq_Value,CortexFreq_Value,EXTERNAL_CLOCK_VALUE,FCLKCortexFreq_Value,FDCANFreq_Value,FamilyName,HCLKFreq_Value,HSE_VALUE,HSI48_VALUE,HSI_VALUE,I2C1Freq_Value,I2C2Freq_Value,I2C3Freq_Value,I2SFreq_Value,LPTIM1Freq_Value,LPUART1Freq_Value,LSCOPinFreq_Value,LSE_VALUE,LSI_VALUE,MCO1PinFreq_Value,PLLM,PLLN,PLLPoutputFreq_Value,PLLQoutputFreq_Value,PLLRCLKFreq_Value,PLLSourceVirtual,PWRFreq_Value,RNGFreq_Value,SAI1Freq_Value,SYSCLKFreq_VALUE,SYSCLKSource,USART1Freq_Value,USART2Freq_Value,USART3Freq_Value,USBFreq_Value,VCOInputFreq_Value,VCOOutputFreq_Value
RCC.LPTIM1Freq_Value=170000000
RCC.LPUART1Freq_Value=170000000
RCC.LSCOPinFreq_Value=32000
RCC.LSE_VALUE=32768
RCC.LSI_VALUE=32000
RCC.MCO1PinFreq_Value=16000000
RCC.PLLM=RCC_PLLM_DIV5
RCC.PLLN=68
RCC.PLLPoutputFreq_Value=170000000
RCC.PLLQoutputFreq_Value=170000000
RCC.PLLRCLKFreq_Value=170000000
RCC.PLLSourceVirtual=RCC_PLLSOURCE_HSE
RCC.PWRFreq_Value=170000000
RCC.RNGFreq_Value=170000000
RCC.SAI1Freq_Value=170000000
RCC.SYSCLKFreq_VALUE=170000000
RCC.SYSCLKSource=RCC_SYSCLKSOURCE_PLLCLK
RCC.USART1Freq_Value=170000000
RCC.USART2Freq_Value=170000000
RCC.USART3Freq_Value=170000000
RCC.USBFreq_Value=170000000
RCC.VCOInputFreq_Value=5000000
RCC.VCOOutputFreq_Value=340000000
SH.S_TIM4_CH1.0=TIM4_CH1,Encoder_Interface
SH.S_TIM4_CH1.ConfNb=1
SH.S_TIM4_CH2.0=TIM4_CH2,Encoder_Interface
SH.S_TIM4_CH2.ConfNb=1
SPI1.BaudRatePrescaler=SPI_BAUDRATEPRESCALER_16
SPI1.CalculateBaudRate=10.625 MBits/s
SPI1.Direction=SPI_DIRECTION_2LINES
SPI1.IPParameters=VirtualType,Mode,Direction,BaudRatePrescaler,CalculateBaudRate
SPI1.Mode=SPI_MODE_MASTER
SPI1.VirtualType=VM_MASTER
TIM1.Channel-PWM\ Generation6\ No\ Output=TIM_CHANNEL_6
TIM1.IPParameters=Channel-PWM Generation6 No Output
USART1.IPParameters=VirtualMode-Asynchronous
USART1.VirtualMode-Asynchronous=VM_ASYNC
USART3.IPParameters=VirtualMode-Asynchronous,VirtualMode-Hardware Flow Control (RS485)
USART3.VirtualMode-Asynchronous=VM_ASYNC
USART3.VirtualMode-Hardware\ Flow\ Control\ (RS485)=VM_ASYNC
VP_OPAMP1_VIN_MUX.Mode=Timer Controlled Mux Mode
VP_OPAMP1_VIN_MUX.Signal=OPAMP1_VIN_MUX
VP_SYS_VS_DBSignals.Mode=DisableDeadBatterySignals
VP_SYS_VS_DBSignals.Signal=SYS_VS_DBSignals
VP_SYS_VS_Systick.Mode=SysTick
VP_SYS_VS_Systick.Signal=SYS_VS_Systick
VP_TIM1_VS_no_output6.Mode=PWM Generation6 No Output
VP_TIM1_VS_no_output6.Signal=TIM1_VS_no_output6
board=custom
